
Microsoft Visual Studio Solution File, Format Version 12.00
Project("{FAE04EC0-301F-11D3-BF4B-00C04F79EFBC}") = "ConstructionCalculator", "ConstructionCalculator\ConstructionCalculator.csproj", "{04F6660E-86E6-4861-885F-8012AF3C2B05}"
EndProject
Global
	GlobalSection(SolutionConfigurationPlatforms) = preSolution
		Debug|Any CPU = Debug|Any CPU
		Release|Any CPU = Release|Any CPU
	EndGlobalSection
	GlobalSection(ProjectConfigurationPlatforms) = postSolution
		{04F6660E-86E6-4861-885F-8012AF3C2B05}.Debug|Any CPU.ActiveCfg = Debug|Any CPU
		{04F6660E-86E6-4861-885F-8012AF3C2B05}.Debug|Any CPU.Build.0 = Debug|Any CPU
		{04F6660E-86E6-4861-885F-8012AF3C2B05}.Release|Any CPU.ActiveCfg = Release|Any CPU
		{04F6660E-86E6-4861-885F-8012AF3C2B05}.Release|Any CPU.Build.0 = Release|Any CPU
	EndGlobalSection
EndGlobal
